// !$*UTF8*$!
{
	archiveVersion = 1;
	classes = {
	};
	objectVersion = 46;
	objects = {

/* Begin PBXBuildFile section */
		B053A95119DF8996007FFAED /* .gitignore in Resources */ = {isa = PBXBuildFile; fileRef = B053A94F19DF8996007FFAED /* .gitignore */; };
		B0D1B4E519DEC88100F239AD /* AppDelegate.swift in Sources */ = {isa = PBXBuildFile; fileRef = B0D1B4E419DEC88100F239AD /* AppDelegate.swift */; };
		B0D1B4E719DEC88100F239AD /* CounterViewController.swift in Sources */ = {isa = PBXBuildFile; fileRef = B0D1B4E619DEC88100F239AD /* CounterViewController.swift */; };
		B0D1B4EA19DEC88100F239AD /* Main.storyboard in Resources */ = {isa = PBXBuildFile; fileRef = B0D1B4E819DEC88100F239AD /* Main.storyboard */; };
		B0D1B4EC19DEC88100F239AD /* Images.xcassets in Resources */ = {isa = PBXBuildFile; fileRef = B0D1B4EB19DEC88100F239AD /* Images.xcassets */; };
		B0D1B4EF19DEC88100F239AD /* LaunchScreen.xib in Resources */ = {isa = PBXBuildFile; fileRef = B0D1B4ED19DEC88100F239AD /* LaunchScreen.xib */; };
		B0D1B4FB19DEC88100F239AD /* timerDemoTests.swift in Sources */ = {isa = PBXBuildFile; fileRef = B0D1B4FA19DEC88100F239AD /* timerDemoTests.swift */; };
/* End PBXBuildFile section */

/* Begin PBXContainerItemProxy section */
		B0D1B4F519DEC88100F239AD /* PBXContainerItemProxy */ = {
			isa = PBXContainerItemProxy;
			containerPortal = B0D1B4D719DEC88100F239AD /* Project object */;
			proxyType = 1;
			remoteGlobalIDString = B0D1B4DE19DEC88100F239AD;
			remoteInfo = timerDemo;
		};
/* End PBXContainerItemProxy section */

/* Begin PBXFileReference section */
		B053A94F19DF8996007FFAED /* .gitignore */ = {isa = PBXFileReference; fileEncoding = 4; lastKnownFileType = text; name = .gitignore; path = timerDemo/.gitignore; sourceTree = "<group>"; };
		B0D1B4DF19DEC88100F239AD /* timerDemo.app */ = {isa = PBXFileReference; explicitFileType = wrapper.application; includeInIndex = 0; path = timerDemo.app; sourceTree = BUILT_PRODUCTS_DIR; };
		B0D1B4E319DEC88100F239AD /* Info.plist */ = {isa = PBXFileReference; lastKnownFileType = text.plist.xml; path = Info.plist; sourceTree = "<group>"; };
		B0D1B4E419DEC88100F239AD /* AppDelegate.swift */ = {isa = PBXFileReference; lastKnownFileType = sourcecode.swift; path = AppDelegate.swift; sourceTree = "<group>"; };
		B0D1B4E619DEC88100F239AD /* CounterViewController.swift */ = {isa = PBXFileReference; lastKnownFileType = sourcecode.swift; path = CounterViewController.swift; sourceTree = "<group>"; };
		B0D1B4E919DEC88100F239AD /* Base */ = {isa = PBXFileReference; lastKnownFileType = file.storyboard; name = Base; path = Base.lproj/Main.storyboard; sourceTree = "<group>"; };
		B0D1B4EB19DEC88100F239AD /* Images.xcassets */ = {isa = PBXFileReference; lastKnownFileType = folder.assetcatalog; path = Images.xcassets; sourceTree = "<group>"; };
		B0D1B4EE19DEC88100F239AD /* Base */ = {isa = PBXFileReference; lastKnownFileType = file.xib; name = Base; path = Base.lproj/LaunchScreen.xib; sourceTree = "<group>"; };
		B0D1B4F419DEC88100F239AD /* timerDemoTests.xctest */ = {isa = PBXFileReference; explicitFileType = wrapper.cfbundle; includeInIndex = 0; path = timerDemoTests.xctest; sourceTree = BUILT_PRODUCTS_DIR; };
		B0D1B4F919DEC88100F239AD /* Info.plist */ = {isa = PBXFileReference; lastKnownFileType = text.plist.xml; path = Info.plist; sourceTree = "<group>"; };
		B0D1B4FA19DEC88100F239AD /* timerDemoTests.swift */ = {isa = PBXFileReference; lastKnownFileType = sourcecode.swift; path = timerDemoTests.swift; sourceTree = "<group>"; };
/* End PBXFileReference section */

/* Begin PBXFrameworksBuildPhase section */
		B0D1B4DC19DEC88100F239AD /* Frameworks */ = {
			isa = PBXFrameworksBuildPhase;
			buildActionMask = 2147483647;
			files = (
			);
			runOnlyForDeploymentPostprocessing = 0;
		};
		B0D1B4F119DEC88100F239AD /* Frameworks */ = {
			isa = PBXFrameworksBuildPhase;
			buildActionMask = 2147483647;
			files = (
			);
			runOnlyForDeploymentPostprocessing = 0;
		};
/* End PBXFrameworksBuildPhase section */

/* Begin PBXGroup section */
		B0D1B4D619DEC88100F239AD = {
			isa = PBXGroup;
			children = (
				B0D1B4E119DEC88100F239AD /* timerDemo */,
				B0D1B4F719DEC88100F239AD /* timerDemoTests */,
				B0D1B4E019DEC88100F239AD /* Products */,
				B053A94F19DF8996007FFAED /* .gitignore */,
			);
			sourceTree = "<group>";
		};
		B0D1B4E019DEC88100F239AD /* Products */ = {
			isa = PBXGroup;
			children = (
				B0D1B4DF19DEC88100F239AD /* timerDemo.app */,
				B0D1B4F419DEC88100F239AD /* timerDemoTests.xctest */,
			);
			name = Products;
			sourceTree = "<group>";
		};
		B0D1B4E119DEC88100F239AD /* timerDemo */ = {
			isa = PBXGroup;
			children = (
				B0D1B4E419DEC88100F239AD /* AppDelegate.swift */,
				B0D1B4E619DEC88100F239AD /* CounterViewController.swift */,
				B0D1B4E819DEC88100F239AD /* Main.storyboard */,
				B0D1B4EB19DEC88100F239AD /* Images.xcassets */,
				B0D1B4ED19DEC88100F239AD /* LaunchScreen.xib */,
				B0D1B4E219DEC88100F239AD /* Supporting Files */,
			);
			path = timerDemo;
			sourceTree = "<group>";
		};
		B0D1B4E219DEC88100F239AD /* Supporting Files */ = {
			isa = PBXGroup;
			children = (
				B0D1B4E319DEC88100F239AD /* Info.plist */,
			);
			name = "Supporting Files";
			sourceTree = "<group>";
		};
		B0D1B4F719DEC88100F239AD /* timerDemoTests */ = {
			isa = PBXGroup;
			children = (
				B0D1B4FA19DEC88100F239AD /* timerDemoTests.swift */,
				B0D1B4F819DEC88100F239AD /* Supporting Files */,
			);
			path = timerDemoTests;
			sourceTree = "<group>";
		};
		B0D1B4F819DEC88100F239AD /* Supporting Files */ = {
			isa = PBXGroup;
			children = (
				B0D1B4F919DEC88100F239AD /* Info.plist */,
			);
			name = "Supporting Files";
			sourceTree = "<group>";
		};
/* End PBXGroup section */

/* Begin PBXNativeTarget section */
		B0D1B4DE19DEC88100F239AD /* timerDemo */ = {
			isa = PBXNativeTarget;
			buildConfigurationList = B0D1B4FE19DEC88100F239AD /* Build configuration list for PBXNativeTarget "timerDemo" */;
			buildPhases = (
				B0D1B4DB19DEC88100F239AD /* Sources */,
				B0D1B4DC19DEC88100F239AD /* Frameworks */,
				B0D1B4DD19DEC88100F239AD /* Resources */,
			);
			buildRules = (
			);
			dependencies = (
			);
			name = timerDemo;
			productName = timerDemo;
			productReference = B0D1B4DF19DEC88100F239AD /* timerDemo.app */;
			productType = "com.apple.product-type.application";
		};
		B0D1B4F319DEC88100F239AD /* timerDemoTests */ = {
			isa = PBXNativeTarget;
			buildConfigurationList = B0D1B50119DEC88100F239AD /* Build configuration list for PBXNativeTarget "timerDemoTests" */;
			buildPhases = (
				B0D1B4F019DEC88100F239AD /* Sources */,
				B0D1B4F119DEC88100F239AD /* Frameworks */,
				B0D1B4F219DEC88100F239AD /* Resources */,
			);
			buildRules = (
			);
			dependencies = (
				B0D1B4F619DEC88100F239AD /* PBXTargetDependency */,
			);
			name = timerDemoTests;
			productName = timerDemoTests;
			productReference = B0D1B4F419DEC88100F239AD /* timerDemoTests.xctest */;
			productType = "com.apple.product-type.bundle.unit-test";
		};
/* End PBXNativeTarget section */

/* Begin PBXProject section */
		B0D1B4D719DEC88100F239AD /* Project object */ = {
			isa = PBXProject;
			attributes = {
				LastUpgradeCheck = 0600;
				ORGANIZATIONNAME = shooter;
				TargetAttributes = {
					B0D1B4DE19DEC88100F239AD = {
						CreatedOnToolsVersion = 6.0;
					};
					B0D1B4F319DEC88100F239AD = {
						CreatedOnToolsVersion = 6.0;
						TestTargetID = B0D1B4DE19DEC88100F239AD;
					};
				};
			};
			buildConfigurationList = B0D1B4DA19DEC88100F239AD /* Build configuration list for PBXProject "timerDemo" */;
			compatibilityVersion = "Xcode 3.2";
			developmentRegion = English;
			hasScannedForEncodings = 0;
			knownRegions = (
				en,
				Base,
			);
			mainGroup = B0D1B4D619DEC88100F239AD;
			productRefGroup = B0D1B4E019DEC88100F239AD /* Products */;
			projectDirPath = "";
			projectRoot = "";
			targets = (
				B0D1B4DE19DEC88100F239AD /* timerDemo */,
				B0D1B4F319DEC88100F239AD /* timerDemoTests */,
			);
		};
/* End PBXProject section */

/* Begin PBXResourcesBuildPhase section */
		B0D1B4DD19DEC88100F239AD /* Resources */ = {
			isa = PBXResourcesBuildPhase;
			buildActionMask = 2147483647;
			files = (
				B053A95119DF8996007FFAED /* .gitignore in Resources */,
				B0D1B4EA19DEC88100F239AD /* Main.storyboard in Resources */,
				B0D1B4EF19DEC88100F239AD /* LaunchScreen.xib in Resources */,
				B0D1B4EC19DEC88100F239AD /* Images.xcassets in Resources */,
			);
			runOnlyForDeploymentPostprocessing = 0;
		};
		B0D1B4F219DEC88100F239AD /* Resources */ = {
			isa = PBXResourcesBuildPhase;
			buildActionMask = 2147483647;
			files = (
			);
			runOnlyForDeploymentPostprocessing = 0;
		};
/* End PBXResourcesBuildPhase section */

/* Begin PBXSourcesBuildPhase section */
		B0D1B4DB19DEC88100F239AD /* Sources */ = {
			isa = PBXSourcesBuildPhase;
			buildActionMask = 2147483647;
			files = (
				B0D1B4E719DEC88100F239AD /* CounterViewController.swift in Sources */,
				B0D1B4E519DEC88100F239AD /* AppDelegate.swift in Sources */,
			);
			runOnlyForDeploymentPostprocessing = 0;
		};
		B0D1B4F019DEC88100F239AD /* Sources */ = {
			isa = PBXSourcesBuildPhase;
			buildActionMask = 2147483647;
			files = (
				B0D1B4FB19DEC88100F239AD /* timerDemoTests.swift in Sources */,
			);
			runOnlyForDeploymentPostprocessing = 0;
		};
/* End PBXSourcesBuildPhase section */

/* Begin PBXTargetDependency section */
		B0D1B4F619DEC88100F239AD /* PBXTargetDependency */ = {
			isa = PBXTargetDependency;
			target = B0D1B4DE19DEC88100F239AD /* timerDemo */;
			targetProxy = B0D1B4F519DEC88100F239AD /* PBXContainerItemProxy */;
		};
/* End PBXTargetDependency section */

/* Begin PBXVariantGroup section */
		B0D1B4E819DEC88100F239AD /* Main.storyboard */ = {
			isa = PBXVariantGroup;
			children = (
				B0D1B4E919DEC88100F239AD /* Base */,
			);
			name = Main.storyboard;
			sourceTree = "<group>";
		};
		B0D1B4ED19DEC88100F239AD /* LaunchScreen.xib */ = {
			isa = PBXVariantGroup;
			children = (
				B0D1B4EE19DEC88100F239AD /* Base */,
			);
			name = LaunchScreen.xib;
			sourceTree = "<group>";
		};
/* End PBXVariantGroup section */

/* Begin XCBuildConfiguration section */
		B0D1B4FC19DEC88100F239AD /* Debug */ = {
			isa = XCBuildConfiguration;
			buildSettings = {
				ALWAYS_SEARCH_USER_PATHS = NO;
				CLANG_CXX_LANGUAGE_STANDARD = "gnu++0x";
				CLANG_CXX_LIBRARY = "libc++";
				CLANG_ENABLE_MODULES = YES;
				CLANG_ENABLE_OBJC_ARC = YES;
				CLANG_WARN_BOOL_CONVERSION = YES;
				CLANG_WARN_CONSTANT_CONVERSION = YES;
				CLANG_WARN_DIRECT_OBJC_ISA_USAGE = YES_ERROR;
				CLANG_WARN_EMPTY_BODY = YES;
				CLANG_WARN_ENUM_CONVERSION = YES;
				CLANG_WARN_INT_CONVERSION = YES;
				CLANG_WARN_OBJC_ROOT_CLASS = YES_ERROR;
				CLANG_WARN_UNREACHABLE_CODE = YES;
				CLANG_WARN__DUPLICATE_METHOD_MATCH = YES;
				"CODE_SIGN_IDENTITY[sdk=iphoneos*]" = "iPhone Developer";
				COPY_PHASE_STRIP = NO;
				ENABLE_STRICT_OBJC_MSGSEND = YES;
				GCC_C_LANGUAGE_STANDARD = gnu99;
				GCC_DYNAMIC_NO_PIC = NO;
				GCC_OPTIMIZATION_LEVEL = 0;
				GCC_PREPROCESSOR_DEFINITIONS = (
					"DEBUG=1",
					"$(inherited)",
				);
				GCC_SYMBOLS_PRIVATE_EXTERN = NO;
				GCC_WARN_64_TO_32_BIT_CONVERSION = YES;
				GCC_WARN_ABOUT_RETURN_TYPE = YES_ERROR;
				GCC_WARN_UNDECLARED_SELECTOR = YES;
				GCC_WARN_UNINITIALIZED_AUTOS = YES_AGGRESSIVE;
				GCC_WARN_UNUSED_FUNCTION = YES;
				GCC_WARN_UNUSED_VARIABLE = YES;
				IPHONEOS_DEPLOYMENT_TARGET = 8.0;
				MTL_ENABLE_DEBUG_INFO = YES;
				ONLY_ACTIVE_ARCH = YES;
				SDKROOT = iphoneos;
				SWIFT_OPTIMIZATION_LEVEL = "-Onone";
			};
			name = Debug;
		};
		B0D1B4FD19DEC88100F239AD /* Release */ = {
			isa = XCBuildConfiguration;
			buildSettings = {
				ALWAYS_SEARCH_USER_PATHS = NO;
				CLANG_CXX_LANGUAGE_STANDARD = "gnu++0x";
				CLANG_CXX_LIBRARY = "libc++";
				CLANG_ENABLE_MODULES = YES;
				CLANG_ENABLE_OBJC_ARC = YES;
				CLANG_WARN_BOOL_CONVERSION = YES;
				CLANG_WARN_CONSTANT_CONVERSION = YES;
				CLANG_WARN_DIRECT_OBJC_ISA_USAGE = YES_ERROR;
				CLANG_WARN_EMPTY_BODY = YES;
				CLANG_WARN_ENUM_CONVERSION = YES;
				CLANG_WARN_INT_CONVERSION = YES;
				CLANG_WARN_OBJC_ROOT_CLASS = YES_ERROR;
				CLANG_WARN_UNREACHABLE_CODE = YES;
				CLANG_WARN__DUPLICATE_METHOD_MATCH = YES;
				"CODE_SIGN_IDENTITY[sdk=iphoneos*]" = "iPhone Developer";
				COPY_PHASE_STRIP = YES;
				ENABLE_NS_ASSERTIONS = NO;
				ENABLE_STRICT_OBJC_MSGSEND = YES;
				GCC_C_LANGUAGE_STANDARD = gnu99;
				GCC_WARN_64_TO_32_BIT_CONVERSION = YES;
				GCC_WARN_ABOUT_RETURN_TYPE = YES_ERROR;
				GCC_WARN_UNDECLARED_SELECTOR = YES;
				GCC_WARN_UNINITIALIZED_AUTOS = YES_AGGRESSIVE;
				GCC_WARN_UNUSED_FUNCTION = YES;
				GCC_WARN_UNUSED_VARIABLE = YES;
				IPHONEOS_DEPLOYMENT_TARGET = 8.0;
				MTL_ENABLE_DEBUG_INFO = NO;
				SDKROOT = iphoneos;
				VALIDATE_PRODUCT = YES;
			};
			name = Release;
		};
		B0D1B4FF19DEC88100F239AD /* Debug */ = {
			isa = XCBuildConfiguration;
			buildSettings = {
				ASSETCATALOG_COMPILER_APPICON_NAME = AppIcon;
				INFOPLIST_FILE = timerDemo/Info.plist;
				LD_RUNPATH_SEARCH_PATHS = "$(inherited) @executable_path/Frameworks";
				PRODUCT_NAME = "$(TARGET_NAME)";
			};
			name = Debug;
		};
		B0D1B50019DEC88100F239AD /* Release */ = {
			isa = XCBuildConfiguration;
			buildSettings = {
				ASSETCATALOG_COMPILER_APPICON_NAME = AppIcon;
				INFOPLIST_FILE = timerDemo/Info.plist;
				LD_RUNPATH_SEARCH_PATHS = "$(inherited) @executable_path/Frameworks";
				PRODUCT_NAME = "$(TARGET_NAME)";
			};
			name = Release;
		};
		B0D1B50219DEC88100F239AD /* Debug */ = {
			isa = XCBuildConfiguration;
			buildSettings = {
				BUNDLE_LOADER = "$(TEST_HOST)";
				FRAMEWORK_SEARCH_PATHS = (
					"$(SDKROOT)/Developer/Library/Frameworks",
					"$(inherited)",
				);
				GCC_PREPROCESSOR_DEFINITIONS = (
					"DEBUG=1",
					"$(inherited)",
				);
				INFOPLIST_FILE = timerDemoTests/Info.plist;
				LD_RUNPATH_SEARCH_PATHS = "$(inherited) @executable_path/Frameworks @loader_path/Frameworks";
				PRODUCT_NAME = "$(TARGET_NAME)";
				TEST_HOST = "$(BUILT_PRODUCTS_DIR)/timerDemo.app/timerDemo";
			};
			name = Debug;
		};
		B0D1B50319DEC88100F239AD /* Release */ = {
			isa = XCBuildConfiguration;
			buildSettings = {
				BUNDLE_LOADER = "$(TEST_HOST)";
				FRAMEWORK_SEARCH_PATHS = (
					"$(SDKROOT)/Developer/Library/Frameworks",
					"$(inherited)",
				);
				INFOPLIST_FILE = timerDemoTests/Info.plist;
				LD_RUNPATH_SEARCH_PATHS = "$(inherited) @executable_path/Frameworks @loader_path/Frameworks";
				PRODUCT_NAME = "$(TARGET_NAME)";
				TEST_HOST = "$(BUILT_PRODUCTS_DIR)/timerDemo.app/timerDemo";
			};
			name = Release;
		};
/* End XCBuildConfiguration section */

/* Begin XCConfigurationList section */
		B0D1B4DA19DEC88100F239AD /* Build configuration list for PBXProject "timerDemo" */ = {
			isa = XCConfigurationList;
			buildConfigurations = (
				B0D1B4FC19DEC88100F239AD /* Debug */,
				B0D1B4FD19DEC88100F239AD /* Release */,
			);
			defaultConfigurationIsVisible = 0;
			defaultConfigurationName = Release;
		};
		B0D1B4FE19DEC88100F239AD /* Build configuration list for PBXNativeTarget "timerDemo" */ = {
			isa = XCConfigurationList;
			buildConfigurations = (
				B0D1B4FF19DEC88100F239AD /* Debug */,
				B0D1B50019DEC88100F239AD /* Release */,
			);
			defaultConfigurationIsVisible = 0;
			defaultConfigurationName = Release;
		};
		B0D1B50119DEC88100F239AD /* Build configuration list for PBXNativeTarget "timerDemoTests" */ = {
			isa = XCConfigurationList;
			buildConfigurations = (
				B0D1B50219DEC88100F239AD /* Debug */,
				B0D1B50319DEC88100F239AD /* Release */,
			);
			defaultConfigurationIsVisible = 0;
			defaultConfigurationName = Release;
		};
/* End XCConfigurationList section */
	};
	rootObject = B0D1B4D719DEC88100F239AD /* Project object */;
}
